{
  "version": 4,
  "terraform_version": "1.14.8",
  "serial": 68,
  "lineage": "6b050344-a57a-ab28-e07b-ab635d5628d7",
  "outputs": {
    "balancer_public_ip": {
      "value": "158.160.138.21",
      "type": "string"
    },
    "grafana_public_ip": {
      "value": "84.201.173.147",
      "type": "string"
    },
    "kibana_public_ip": {
      "value": "51.250.80.6",
      "type": "string"
    }
  },
  "resources": [
    {
      "mode": "data",
      "type": "yandex_compute_image",
      "name": "ubuntu",
      "provider": "provider[\"registry.terraform.io/yandex-cloud/yandex\"]",
      "instances": [
        {
          "schema_version": 0,
          "attributes": {
            "created_at": "2026-07-27T18:27:17Z",
            "description": "Ubuntu 22.04 lts v20260724030130",
            "family": "ubuntu-2204-lts",
            "folder_id": "standard-images",
            "hardware_generation": [
              {
                "generation2_features": [],
                "legacy_features": [
                  {
                    "pci_topology": "PCI_TOPOLOGY_V2"
                  }
                ]
              }
            ],
            "id": "fd8vnd2mu7b90qob1v6p",
            "image_id": "fd8vnd2mu7b90qob1v6p",
            "kms_key_id": null,
            "labels": {
              "version": "20260724030130",
              "x-hopper-operation-id": "d9pho0uu7ops1s0f217c",
              "x-hopper-source-image-id": "fd8alk8aakna6as8svlf"
            },
            "min_disk_size": 8,
            "name": "ubuntu-22-04-lts-v20260727",
            "os_type": "linux",
            "pooled": true,
            "product_ids": [
              "f2e037jaqjqqt0k4giph"
            ],
            "size": 2,
            "status": "ready"
          },
          "sensitive_attributes": [],
          "identity_schema_version": 0
        }
      ]
    },
    {
      "mode": "managed",
      "type": "local_file",
      "name": "ansible_inventory",
      "provider": "provider[\"registry.terraform.io/hashicorp/local\"]",
      "instances": [
        {
          "schema_version": 0,
          "attributes": {
            "content": "[web]\nweb1 ansible_host=10.0.0.8\nweb2 ansible_host=10.0.1.10\n\n[prometheus]\nelasticsearch_node ansible_host=10.0.0.9\n\n[grafana]\ngrafana_node ansible_host=10.0.0.4\n\n[elasticsearch]\nelasticsearch_node ansible_host=10.0.0.7\n\n[kibana]\nkibana_node ansible_host=10.0.0.29\n\n[all:vars]\nansible_user=ubuntu\nansible_ssh_common_args='-o StrictHostKeyChecking=no -o ProxyCommand=\"ssh -A -W %h:%p -q ubuntu@111.88.252.49\"'\n",
            "content_base64": null,
            "content_base64sha256": "4M4zGgm5uOjOdCDcls7uVUO/uoYLevPwcZK+0RE4GKI=",
            "content_base64sha512": "bnruyf0216CADhLoQTM5WNRVEWYLqLMx/dhuSaln0JHV62XOx3y/ApCVHz7AWHCbh32l25gsrzDYGV203tmuow==",
            "content_md5": "d155277101e2ba68b9c63e35a68706a3",
            "content_sha1": "fc85c4056b1a1c99feb82aa3e78e5a42da56322f",
            "content_sha256": "e0ce331a09b9b8e8ce7420dc96ceee5543bfba860b7af3f07192bed1113818a2",
            "content_sha512": "6e7aeec9fd36d7a0800e12e841333958d45511660ba8b331fdd86e49a967d091d5eb65cec77cbf0290951f3ec058709b877da5db982caf30d8195db4ded9aea3",
            "directory_permission": "0777",
            "file_permission": "0777",
            "filename": "./../ansible/hosts.ini",
            "id": "fc85c4056b1a1c99feb82aa3e78e5a42da56322f",
            "sensitive_content": null,
            "source": null
          },
          "sensitive_attributes": [
            [
              {
                "type": "get_attr",
                "value": "sensitive_content"
              }
            ]
          ],
          "identity_schema_version": 0,
          "dependencies": [
            "data.yandex_compute_image.ubuntu",
            "yandex_compute_instance.bastion",
            "yandex_compute_instance.elasticsearch",
            "yandex_compute_instance.grafana",
            "yandex_compute_instance.kibana",
            "yandex_compute_instance.prometheus",
            "yandex_compute_instance.web1",
            "yandex_compute_instance.web2",
            "yandex_vpc_gateway.nat_gateway",
            "yandex_vpc_network.main",
            "yandex_vpc_route_table.private_route_table",
            "yandex_vpc_security_group.bastion",
            "yandex_vpc_security_group.web",
            "yandex_vpc_subnet.ru-central1-a",
            "yandex_vpc_subnet.ru-central1-b"
          ]
        }
      ]
    },
    {
      "mode": "managed",
      "type": "yandex_alb_backend_group",
      "name": "web_bg",
      "provider": "provider[\"registry.terraform.io/yandex-cloud/yandex\"]",
      "instances": [
        {
          "schema_version": 0,
          "attributes": {
            "created_at": "2026-07-29T16:57:12Z",
            "description": "",
            "folder_id": "b1g12jnkavef24dh5fcn",
            "grpc_backend": [],
            "http_backend": [
              {
                "healthcheck": [
                  {
                    "grpc_healthcheck": [],
                    "healthcheck_port": 0,
                    "healthy_threshold": 2,
                    "http_healthcheck": [
                      {
                        "expected_statuses": [],
                        "host": "",
                        "http2": false,
                        "path": "/"
                      }
                    ],
                    "interval": "3s",
                    "interval_jitter_percent": 0,
                    "stream_healthcheck": [],
                    "timeout": "1s",
                    "unhealthy_threshold": 2
                  }
                ],
                "http2": false,
                "load_balancing_config": [],
                "name": "web-http-backend",
                "port": 80,
                "storage_bucket": "",
                "target_group_ids": [
                  "ds7rflscb8mr1c1s85ue"
                ],
                "tls": [],
                "weight": 1
              }
            ],
            "id": "ds7cqh5noe42i4n2fpq5",
            "labels": {},
            "name": "web-backend-group",
            "session_affinity": [],
            "stream_backend": [],
            "timeouts": null
          },
          "sensitive_attributes": [],
          "identity_schema_version": 0,
          "private": "eyJlMmJmYjczMC1lY2FhLTExZTYtOGY4OC0zNDM2M2JjN2M0YzAiOnsiY3JlYXRlIjozMDAwMDAwMDAwMDAsImRlbGV0ZSI6MzAwMDAwMDAwMDAwLCJ1cGRhdGUiOjMwMDAwMDAwMDAwMH19",
          "dependencies": [
            "data.yandex_compute_image.ubuntu",
            "yandex_alb_target_group.web_tg",
            "yandex_compute_instance.web1",
            "yandex_compute_instance.web2",
            "yandex_vpc_gateway.nat_gateway",
            "yandex_vpc_network.main",
            "yandex_vpc_route_table.private_route_table",
            "yandex_vpc_security_group.bastion",
            "yandex_vpc_security_group.web",
            "yandex_vpc_subnet.ru-central1-a",
            "yandex_vpc_subnet.ru-central1-b"
          ]
        }
      ]
    },
    {
      "mode": "managed",
      "type": "yandex_alb_http_router",
      "name": "web_router",
      "provider": "provider[\"registry.terraform.io/yandex-cloud/yandex\"]",
      "instances": [
        {
          "schema_version": 0,
          "attributes": {
            "created_at": "2026-07-29T16:56:19Z",
            "description": "",
            "folder_id": "b1g12jnkavef24dh5fcn",
            "id": "ds7ght2v40tdm4bddjs2",
            "labels": {},
            "name": "web-http-router",
            "route_options": [],
            "timeouts": null
          },
          "sensitive_attributes": [],
          "identity_schema_version": 0,
          "private": "eyJlMmJmYjczMC1lY2FhLTExZTYtOGY4OC0zNDM2M2JjN2M0YzAiOnsiY3JlYXRlIjozMDAwMDAwMDAwMDAsImRlbGV0ZSI6MzAwMDAwMDAwMDAwLCJ1cGRhdGUiOjMwMDAwMDAwMDAwMH19"
        }
      ]
    },
    {
      "mode": "managed",
      "type": "yandex_alb_target_group",
      "name": "web_tg",
      "provider": "provider[\"registry.terraform.io/yandex-cloud/yandex\"]",
      "instances": [
        {
          "schema_version": 0,
          "attributes": {
            "created_at": "2026-07-29T16:57:12Z",
            "description": "",
            "folder_id": "b1g12jnkavef24dh5fcn",
            "id": "ds7rflscb8mr1c1s85ue",
            "labels": {},
            "name": "web-target-group",
            "target": [
              {
                "ip_address": "10.0.0.8",
                "private_ipv4_address": false,
                "subnet_id": "e9bdtacbjnn0lgabp1d2"
              },
              {
                "ip_address": "10.0.1.10",
                "private_ipv4_address": false,
                "subnet_id": "e2la9jk9qd2esnaib9ic"
              }
            ],
            "timeouts": null
          },
          "sensitive_attributes": [],
          "identity_schema_version": 0,
          "private": "eyJlMmJmYjczMC1lY2FhLTExZTYtOGY4OC0zNDM2M2JjN2M0YzAiOnsiY3JlYXRlIjozMDAwMDAwMDAwMDAsImRlbGV0ZSI6MzAwMDAwMDAwMDAwLCJ1cGRhdGUiOjMwMDAwMDAwMDAwMH19",
          "dependencies": [
            "data.yandex_compute_image.ubuntu",
            "yandex_compute_instance.web1",
            "yandex_compute_instance.web2",
            "yandex_vpc_gateway.nat_gateway",
            "yandex_vpc_network.main",
            "yandex_vpc_route_table.private_route_table",
            "yandex_vpc_security_group.bastion",
            "yandex_vpc_security_group.web",
            "yandex_vpc_subnet.ru-central1-a",
            "yandex_vpc_subnet.ru-central1-b"
          ]
        }
      ]
    },
    {
      "mode": "managed",
      "type": "yandex_alb_virtual_host",
      "name": "web_vh",
      "provider": "provider[\"registry.terraform.io/yandex-cloud/yandex\"]",
      "instances": [
        {
          "schema_version": 0,
          "attributes": {
            "authority": [],
            "http_router_id": "ds7ght2v40tdm4bddjs2",
            "id": "ds7ght2v40tdm4bddjs2/web-virtual-host",
            "modify_request_headers": [],
            "modify_response_headers": [],
            "name": "web-virtual-host",
            "rate_limit": [],
            "route": [
              {
                "disable_security_profile": false,
                "grpc_route": [],
                "http_route": [
                  {
                    "direct_response_action": [],
                    "http_match": [],
                    "http_route_action": [
                      {
                        "auto_host_rewrite": false,
                        "backend_group_id": "ds7cqh5noe42i4n2fpq5",
                        "host_rewrite": "",
                        "idle_timeout": "",
                        "prefix_rewrite": "",
                        "rate_limit": [],
                        "regex_rewrite": [],
                        "timeout": "1m0s",
                        "upgrade_types": []
                      }
                    ],
                    "redirect_action": []
                  }
                ],
                "name": "root-route",
                "route_options": []
              }
            ],
            "route_options": [],
            "timeouts": null
          },
          "sensitive_attributes": [],
          "identity_schema_version": 0,
          "private": "eyJlMmJmYjczMC1lY2FhLTExZTYtOGY4OC0zNDM2M2JjN2M0YzAiOnsiY3JlYXRlIjozMDAwMDAwMDAwMDAsImRlbGV0ZSI6MzAwMDAwMDAwMDAwLCJ1cGRhdGUiOjMwMDAwMDAwMDAwMH19",
          "dependencies": [
            "data.yandex_compute_image.ubuntu",
            "yandex_alb_backend_group.web_bg",
            "yandex_alb_http_router.web_router",
            "yandex_alb_target_group.web_tg",
            "yandex_compute_instance.web1",
            "yandex_compute_instance.web2",
            "yandex_vpc_gateway.nat_gateway",
            "yandex_vpc_network.main",
            "yandex_vpc_route_table.private_route_table",
            "yandex_vpc_security_group.bastion",
            "yandex_vpc_security_group.web",
            "yandex_vpc_subnet.ru-central1-a",
            "yandex_vpc_subnet.ru-central1-b"
          ]
        }
      ]
    },
    {
      "mode": "managed",
      "type": "yandex_compute_snapshot_schedule",
      "name": "daily_backup",
      "provider": "provider[\"registry.terraform.io/yandex-cloud/yandex\"]",
      "instances": [
        {
          "schema_version": 0,
          "attributes": {
            "created_at": "2026-07-29T16:57:12Z",
            "description": "Ежедневное резервное копирование всех 7 виртуальных машин",
            "disk_ids": [],
            "folder_id": "b1g12jnkavef24dh5fcn",
            "id": "fd8p46eihmil83034f1m",
            "labels": {},
            "name": "daily-snapshot-schedule",
            "retention_period": "168h0m0s",
            "schedule_policy": [
              {
                "expression": "0 2 * * *",
                "start_at": "1970-01-01T00:00:00Z"
              }
            ],
            "snapshot_count": 0,
            "snapshot_spec": [
              {
                "description": "",
                "labels": {}
              }
            ],
            "status": "active",
            "timeouts": null
          },
          "sensitive_attributes": [],
          "identity_schema_version": 0,
          "private": "eyJlMmJmYjczMC1lY2FhLTExZTYtOGY4OC0zNDM2M2JjN2M0YzAiOnsiY3JlYXRlIjozMDAwMDAwMDAwMDAsImRlbGV0ZSI6MzAwMDAwMDAwMDAwLCJ1cGRhdGUiOjMwMDAwMDAwMDAwMH19",
          "dependencies": [
            "data.yandex_compute_image.ubuntu",
            "yandex_compute_instance.bastion",
            "yandex_compute_instance.elasticsearch",
            "yandex_compute_instance.grafana",
            "yandex_compute_instance.kibana",
            "yandex_compute_instance.prometheus",
            "yandex_compute_instance.web1",
            "yandex_compute_instance.web2",
            "yandex_vpc_gateway.nat_gateway",
            "yandex_vpc_network.main",
            "yandex_vpc_route_table.private_route_table",
            "yandex_vpc_security_group.bastion",
            "yandex_vpc_security_group.web",
            "yandex_vpc_subnet.ru-central1-a",
            "yandex_vpc_subnet.ru-central1-b"
          ]
        }
      ]
    },
    {
      "mode": "managed",
      "type": "yandex_vpc_gateway",
      "name": "nat_gateway",
      "provider": "provider[\"registry.terraform.io/yandex-cloud/yandex\"]",
      "instances": [
        {
          "schema_version": 0,
          "attributes": {
            "created_at": "2026-07-29T16:56:20Z",
            "description": "",
            "folder_id": "b1g12jnkavef24dh5fcn",
            "id": "enpkq1mpc8jn1khe5ga5",
            "labels": {},
            "name": "nat-gateway",
            "shared_egress_gateway": [
              {}
            ],
            "timeouts": null
          },
          "sensitive_attributes": [],
          "identity_schema_version": 0,
          "private": "eyJlMmJmYjczMC1lY2FhLTExZTYtOGY4OC0zNDM2M2JjN2M0YzAiOnsiY3JlYXRlIjo2MDAwMDAwMDAwMCwiZGVsZXRlIjo2MDAwMDAwMDAwMCwidXBkYXRlIjo2MDAwMDAwMDAwMH19"
        }
      ]
    },
    {
      "mode": "managed",
      "type": "yandex_vpc_network",
      "name": "main",
      "provider": "provider[\"registry.terraform.io/yandex-cloud/yandex\"]",
      "instances": [
        {
          "schema_version": 0,
          "attributes": {
            "created_at": "2026-07-29T16:56:19Z",
            "default_security_group_id": "enp69bmvrltbkmfc9b7e",
            "description": "Main VPC network for devops course",
            "folder_id": "b1g12jnkavef24dh5fcn",
            "id": "enp9edoc9mc8imkm5o95",
            "labels": {},
            "name": "main-network",
            "subnet_ids": [
              "e2la9jk9qd2esnaib9ic",
              "e9bdtacbjnn0lgabp1d2"
            ],
            "timeouts": null
          },
          "sensitive_attributes": [],
          "identity_schema_version": 0,
          "private": "eyJlMmJmYjczMC1lY2FhLTExZTYtOGY4OC0zNDM2M2JjN2M0YzAiOnsiY3JlYXRlIjo2MDAwMDAwMDAwMCwiZGVsZXRlIjo2MDAwMDAwMDAwMCwidXBkYXRlIjo2MDAwMDAwMDAwMH19"
        }
      ]
    },
    {
      "mode": "managed",
      "type": "yandex_vpc_route_table",
      "name": "private_route_table",
      "provider": "provider[\"registry.terraform.io/yandex-cloud/yandex\"]",
      "instances": [
        {
          "schema_version": 0,
          "attributes": {
            "created_at": "2026-07-29T16:56:22Z",
            "description": "",
            "folder_id": "b1g12jnkavef24dh5fcn",
            "id": "enpk47oi7ihdh1sqgeeo",
            "labels": {},
            "name": "private-route-table",
            "network_id": "enp9edoc9mc8imkm5o95",
            "static_route": [
              {
                "destination_prefix": "0.0.0.0/0",
                "gateway_id": "enpkq1mpc8jn1khe5ga5",
                "next_hop_address": ""
              }
            ],
            "timeouts": null
          },
          "sensitive_attributes": [],
          "identity_schema_version": 0,
          "private": "eyJlMmJmYjczMC1lY2FhLTExZTYtOGY4OC0zNDM2M2JjN2M0YzAiOnsiY3JlYXRlIjoxODAwMDAwMDAwMDAsImRlbGV0ZSI6MTgwMDAwMDAwMDAwLCJ1cGRhdGUiOjE4MDAwMDAwMDAwMH19",
          "dependencies": [
            "yandex_vpc_gateway.nat_gateway",
            "yandex_vpc_network.main"
          ]
        }
      ]
    },
    {
      "mode": "managed",
      "type": "yandex_vpc_security_group",
      "name": "bastion",
      "provider": "provider[\"registry.terraform.io/yandex-cloud/yandex\"]",
      "instances": [
        {
          "schema_version": 0,
          "attributes": {
            "created_at": "2026-07-29T16:56:24Z",
            "description": "Группа безопасности для Бастион-хоста",
            "egress": [
              {
                "description": "",
                "from_port": -1,
                "id": "enpneafen1s45pr9hhih",
                "labels": {},
                "port": -1,
                "predefined_target": "",
                "protocol": "ANY",
                "security_group_id": "",
                "to_port": -1,
                "v4_cidr_blocks": [
                  "0.0.0.0/0"
                ],
                "v6_cidr_blocks": []
              },
              {
                "description": "Разрешаем весь исходящий трафик",
                "from_port": 0,
                "id": "enp33mallr70rccm076n",
                "labels": {},
                "port": -1,
                "predefined_target": "",
                "protocol": "ANY",
                "security_group_id": "",
                "to_port": 65535,
                "v4_cidr_blocks": [
                  "0.0.0.0/0"
                ],
                "v6_cidr_blocks": []
              }
            ],
            "folder_id": "b1g12jnkavef24dh5fcn",
            "id": "enplq8e1akqnpjg1oaup",
            "ingress": [
              {
                "description": "",
                "from_port": -1,
                "id": "enptspdtdspd06ruog98",
                "labels": {},
                "port": 22,
                "predefined_target": "",
                "protocol": "TCP",
                "security_group_id": "",
                "to_port": -1,
                "v4_cidr_blocks": [
                  "0.0.0.0/0"
                ],
                "v6_cidr_blocks": []
              },
              {
                "description": "Разрешаем SSH из интернета",
                "from_port": -1,
                "id": "enpdn1tvekisrmtcgprb",
                "labels": {},
                "port": 22,
                "predefined_target": "",
                "protocol": "TCP",
                "security_group_id": "",
                "to_port": -1,
                "v4_cidr_blocks": [
                  "0.0.0.0/0"
                ],
                "v6_cidr_blocks": []
              }
            ],
            "labels": {},
            "name": "bastion-sg",
            "network_id": "enp9edoc9mc8imkm5o95",
            "status": "ACTIVE",
            "timeouts": null
          },
          "sensitive_attributes": [],
          "identity_schema_version": 0,
          "private": "eyJlMmJmYjczMC1lY2FhLTExZTYtOGY4OC0zNDM2M2JjN2M0YzAiOnsiY3JlYXRlIjoxODAwMDAwMDAwMDAsImRlbGV0ZSI6MTgwMDAwMDAwMDAwLCJ1cGRhdGUiOjE4MDAwMDAwMDAwMH19",
          "dependencies": [
            "yandex_vpc_network.main"
          ]
        }
      ]
    },
    {
      "mode": "managed",
      "type": "yandex_vpc_security_group",
      "name": "web",
      "provider": "provider[\"registry.terraform.io/yandex-cloud/yandex\"]",
      "instances": [
        {
          "schema_version": 0,
          "attributes": {
            "created_at": "2026-07-29T16:56:22Z",
            "description": "Общая группа безопасности для внутренних сервисов",
            "egress": [
              {
                "description": "",
                "from_port": -1,
                "id": "enp7hru9dojdp805upb4",
                "labels": {},
                "port": -1,
                "predefined_target": "",
                "protocol": "ANY",
                "security_group_id": "",
                "to_port": -1,
                "v4_cidr_blocks": [
                  "0.0.0.0/0"
                ],
                "v6_cidr_blocks": []
              }
            ],
            "folder_id": "b1g12jnkavef24dh5fcn",
            "id": "enp9js9l6b0hs2825d3c",
            "ingress": [
              {
                "description": "",
                "from_port": -1,
                "id": "enp2cj5k67o3v8r75g1u",
                "labels": {},
                "port": 3000,
                "predefined_target": "",
                "protocol": "TCP",
                "security_group_id": "",
                "to_port": -1,
                "v4_cidr_blocks": [
                  "0.0.0.0/0"
                ],
                "v6_cidr_blocks": []
              },
              {
                "description": "",
                "from_port": -1,
                "id": "enpamc22g9sobshmi2li",
                "labels": {},
                "port": 9090,
                "predefined_target": "",
                "protocol": "TCP",
                "security_group_id": "",
                "to_port": -1,
                "v4_cidr_blocks": [
                  "10.0.0.0/8",
                  "192.168.0.0/16",
                  "172.16.0.0/12"
                ],
                "v6_cidr_blocks": []
              },
              {
                "description": "",
                "from_port": -1,
                "id": "enpdjac4peroulo23t7j",
                "labels": {},
                "port": 80,
                "predefined_target": "",
                "protocol": "TCP",
                "security_group_id": "",
                "to_port": -1,
                "v4_cidr_blocks": [
                  "0.0.0.0/0"
                ],
                "v6_cidr_blocks": []
              },
              {
                "description": "",
                "from_port": -1,
                "id": "enpe19jv81mviad1ljdl",
                "labels": {},
                "port": 9200,
                "predefined_target": "",
                "protocol": "TCP",
                "security_group_id": "",
                "to_port": -1,
                "v4_cidr_blocks": [
                  "10.0.0.0/8"
                ],
                "v6_cidr_blocks": []
              },
              {
                "description": "",
                "from_port": -1,
                "id": "enpfhj3ra27abc8kd0t9",
                "labels": {},
                "port": 9113,
                "predefined_target": "",
                "protocol": "TCP",
                "security_group_id": "",
                "to_port": -1,
                "v4_cidr_blocks": [
                  "10.0.0.0/8"
                ],
                "v6_cidr_blocks": []
              },
              {
                "description": "",
                "from_port": -1,
                "id": "enpk9nljth2orq3dkvmi",
                "labels": {},
                "port": 5601,
                "predefined_target": "",
                "protocol": "TCP",
                "security_group_id": "",
                "to_port": -1,
                "v4_cidr_blocks": [
                  "0.0.0.0/0"
                ],
                "v6_cidr_blocks": []
              },
              {
                "description": "",
                "from_port": -1,
                "id": "enpmsudogk9hptirg6in",
                "labels": {},
                "port": 443,
                "predefined_target": "",
                "protocol": "TCP",
                "security_group_id": "",
                "to_port": -1,
                "v4_cidr_blocks": [
                  "0.0.0.0/0"
                ],
                "v6_cidr_blocks": []
              },
              {
                "description": "",
                "from_port": -1,
                "id": "enpo36rpm5dijrlket0k",
                "labels": {},
                "port": 22,
                "predefined_target": "",
                "protocol": "TCP",
                "security_group_id": "",
                "to_port": -1,
                "v4_cidr_blocks": [
                  "10.0.0.0/8",
                  "192.168.0.0/16",
                  "172.16.0.0/12"
                ],
                "v6_cidr_blocks": []
              },
              {
                "description": "",
                "from_port": 0,
                "id": "enp0eh1dm8s370431lca",
                "labels": {},
                "port": -1,
                "predefined_target": "self_security_group",
                "protocol": "ANY",
                "security_group_id": "",
                "to_port": 65535,
                "v4_cidr_blocks": [],
                "v6_cidr_blocks": []
              },
              {
                "description": "Разрешаем внутренний SSH с Бастиона",
                "from_port": -1,
                "id": "enpigmeee2oo54bs30ap",
                "labels": {},
                "port": 22,
                "predefined_target": "",
                "protocol": "TCP",
                "security_group_id": "enplq8e1akqnpjg1oaup",
                "to_port": -1,
                "v4_cidr_blocks": [],
                "v6_cidr_blocks": []
              }
            ],
            "labels": {},
            "name": "web-sg",
            "network_id": "enp9edoc9mc8imkm5o95",
            "status": "ACTIVE",
            "timeouts": null
          },
          "sensitive_attributes": [],
          "identity_schema_version": 0,
          "private": "eyJlMmJmYjczMC1lY2FhLTExZTYtOGY4OC0zNDM2M2JjN2M0YzAiOnsiY3JlYXRlIjoxODAwMDAwMDAwMDAsImRlbGV0ZSI6MTgwMDAwMDAwMDAwLCJ1cGRhdGUiOjE4MDAwMDAwMDAwMH19",
          "dependencies": [
            "yandex_vpc_network.main",
            "yandex_vpc_security_group.bastion"
          ]
        }
      ]
    },
    {
      "mode": "managed",
      "type": "yandex_vpc_security_group_rule",
      "name": "bastion_egress_any",
      "provider": "provider[\"registry.terraform.io/yandex-cloud/yandex\"]",
      "instances": [
        {
          "schema_version": 0,
          "attributes": {
            "description": "",
            "direction": "egress",
            "from_port": -1,
            "id": "enpneafen1s45pr9hhih",
            "labels": null,
            "port": -1,
            "predefined_target": "",
            "protocol": "ANY",
            "security_group_binding": "enplq8e1akqnpjg1oaup",
            "security_group_id": "",
            "timeouts": null,
            "to_port": -1,
            "v4_cidr_blocks": [
              "0.0.0.0/0"
            ],
            "v6_cidr_blocks": null
          },
          "sensitive_attributes": [],
          "identity_schema_version": 0,
          "dependencies": [
            "yandex_vpc_network.main",
            "yandex_vpc_security_group.bastion"
          ]
        }
      ]
    },
    {
      "mode": "managed",
      "type": "yandex_vpc_security_group_rule",
      "name": "bastion_ssh",
      "provider": "provider[\"registry.terraform.io/yandex-cloud/yandex\"]",
      "instances": [
        {
          "schema_version": 0,
          "attributes": {
            "description": "",
            "direction": "ingress",
            "from_port": -1,
            "id": "enptspdtdspd06ruog98",
            "labels": null,
            "port": 22,
            "predefined_target": "",
            "protocol": "TCP",
            "security_group_binding": "enplq8e1akqnpjg1oaup",
            "security_group_id": "",
            "timeouts": null,
            "to_port": -1,
            "v4_cidr_blocks": [
              "0.0.0.0/0"
            ],
            "v6_cidr_blocks": null
          },
          "sensitive_attributes": [],
          "identity_schema_version": 0,
          "dependencies": [
            "yandex_vpc_network.main",
            "yandex_vpc_security_group.bastion"
          ]
        }
      ]
    },
    {
      "mode": "managed",
      "type": "yandex_vpc_security_group_rule",
      "name": "elastic_internal",
      "provider": "provider[\"registry.terraform.io/yandex-cloud/yandex\"]",
      "instances": [
        {
          "schema_version": 0,
          "attributes": {
            "description": "",
            "direction": "ingress",
            "from_port": -1,
            "id": "enpe19jv81mviad1ljdl",
            "labels": null,
            "port": 9200,
            "predefined_target": "",
            "protocol": "TCP",
            "security_group_binding": "enp9js9l6b0hs2825d3c",
            "security_group_id": "",
            "timeouts": null,
            "to_port": -1,
            "v4_cidr_blocks": [
              "10.0.0.0/8"
            ],
            "v6_cidr_blocks": null
          },
          "sensitive_attributes": [],
          "identity_schema_version": 0,
          "dependencies": [
            "yandex_vpc_network.main",
            "yandex_vpc_security_group.bastion",
            "yandex_vpc_security_group.web"
          ]
        }
      ]
    },
    {
      "mode": "managed",
      "type": "yandex_vpc_security_group_rule",
      "name": "grafana_web",
      "provider": "provider[\"registry.terraform.io/yandex-cloud/yandex\"]",
      "instances": [
        {
          "schema_version": 0,
          "attributes": {
            "description": "",
            "direction": "ingress",
            "from_port": -1,
            "id": "enp2cj5k67o3v8r75g1u",
            "labels": null,
            "port": 3000,
            "predefined_target": "",
            "protocol": "TCP",
            "security_group_binding": "enp9js9l6b0hs2825d3c",
            "security_group_id": "",
            "timeouts": null,
            "to_port": -1,
            "v4_cidr_blocks": [
              "0.0.0.0/0"
            ],
            "v6_cidr_blocks": null
          },
          "sensitive_attributes": [],
          "identity_schema_version": 0,
          "dependencies": [
            "yandex_vpc_network.main",
            "yandex_vpc_security_group.bastion",
            "yandex_vpc_security_group.web"
          ]
        }
      ]
    },
    {
      "mode": "managed",
      "type": "yandex_vpc_security_group_rule",
      "name": "internal_all",
      "provider": "provider[\"registry.terraform.io/yandex-cloud/yandex\"]",
      "instances": [
        {
          "schema_version": 0,
          "attributes": {
            "description": "",
            "direction": "ingress",
            "from_port": 0,
            "id": "enp0eh1dm8s370431lca",
            "labels": null,
            "port": -1,
            "predefined_target": "self_security_group",
            "protocol": "ANY",
            "security_group_binding": "enp9js9l6b0hs2825d3c",
            "security_group_id": "",
            "timeouts": null,
            "to_port": 65535,
            "v4_cidr_blocks": null,
            "v6_cidr_blocks": null
          },
          "sensitive_attributes": [],
          "identity_schema_version": 0,
          "dependencies": [
            "yandex_vpc_network.main",
            "yandex_vpc_security_group.bastion",
            "yandex_vpc_security_group.web"
          ]
        }
      ]
    },
    {
      "mode": "managed",
      "type": "yandex_vpc_security_group_rule",
      "name": "kibana_web_fixed",
      "provider": "provider[\"registry.terraform.io/yandex-cloud/yandex\"]",
      "instances": [
        {
          "schema_version": 0,
          "attributes": {
            "description": "",
            "direction": "ingress",
            "from_port": -1,
            "id": "enpk9nljth2orq3dkvmi",
            "labels": null,
            "port": 5601,
            "predefined_target": "",
            "protocol": "TCP",
            "security_group_binding": "enp9js9l6b0hs2825d3c",
            "security_group_id": "",
            "timeouts": null,
            "to_port": -1,
            "v4_cidr_blocks": [
              "0.0.0.0/0"
            ],
            "v6_cidr_blocks": null
          },
          "sensitive_attributes": [],
          "identity_schema_version": 0,
          "dependencies": [
            "yandex_vpc_network.main",
            "yandex_vpc_security_group.bastion",
            "yandex_vpc_security_group.web"
          ]
        }
      ]
    },
    {
      "mode": "managed",
      "type": "yandex_vpc_security_group_rule",
      "name": "nginx_exporter",
      "provider": "provider[\"registry.terraform.io/yandex-cloud/yandex\"]",
      "instances": [
        {
          "schema_version": 0,
          "attributes": {
            "description": "",
            "direction": "ingress",
            "from_port": -1,
            "id": "enpfhj3ra27abc8kd0t9",
            "labels": null,
            "port": 9113,
            "predefined_target": "",
            "protocol": "TCP",
            "security_group_binding": "enp9js9l6b0hs2825d3c",
            "security_group_id": "",
            "timeouts": null,
            "to_port": -1,
            "v4_cidr_blocks": [
              "10.0.0.0/8"
            ],
            "v6_cidr_blocks": null
          },
          "sensitive_attributes": [],
          "identity_schema_version": 0,
          "dependencies": [
            "yandex_vpc_network.main",
            "yandex_vpc_security_group.bastion",
            "yandex_vpc_security_group.web"
          ]
        }
      ]
    },
    {
      "mode": "managed",
      "type": "yandex_vpc_security_group_rule",
      "name": "prometheus_internal",
      "provider": "provider[\"registry.terraform.io/yandex-cloud/yandex\"]",
      "instances": [
        {
          "schema_version": 0,
          "attributes": {
            "description": "",
            "direction": "ingress",
            "from_port": -1,
            "id": "enpamc22g9sobshmi2li",
            "labels": null,
            "port": 9090,
            "predefined_target": "",
            "protocol": "TCP",
            "security_group_binding": "enp9js9l6b0hs2825d3c",
            "security_group_id": "",
            "timeouts": null,
            "to_port": -1,
            "v4_cidr_blocks": [
              "10.0.0.0/8",
              "192.168.0.0/16",
              "172.16.0.0/12"
            ],
            "v6_cidr_blocks": null
          },
          "sensitive_attributes": [],
          "identity_schema_version": 0,
          "dependencies": [
            "yandex_vpc_network.main",
            "yandex_vpc_security_group.bastion",
            "yandex_vpc_security_group.web"
          ]
        }
      ]
    },
    {
      "mode": "managed",
      "type": "yandex_vpc_security_group_rule",
      "name": "web_egress_any",
      "provider": "provider[\"registry.terraform.io/yandex-cloud/yandex\"]",
      "instances": [
        {
          "schema_version": 0,
          "attributes": {
            "description": "",
            "direction": "egress",
            "from_port": -1,
            "id": "enp7ecipialij106n5pf",
            "labels": null,
            "port": -1,
            "predefined_target": "",
            "protocol": "ANY",
            "security_group_binding": "enp9js9l6b0hs2825d3c",
            "security_group_id": "",
            "timeouts": null,
            "to_port": -1,
            "v4_cidr_blocks": [
              "0.0.0.0/0"
            ],
            "v6_cidr_blocks": null
          },
          "sensitive_attributes": [],
          "identity_schema_version": 0,
          "dependencies": [
            "yandex_vpc_network.main",
            "yandex_vpc_security_group.bastion",
            "yandex_vpc_security_group.web"
          ]
        }
      ]
    },
    {
      "mode": "managed",
      "type": "yandex_vpc_security_group_rule",
      "name": "web_http",
      "provider": "provider[\"registry.terraform.io/yandex-cloud/yandex\"]",
      "instances": [
        {
          "schema_version": 0,
          "attributes": {
            "description": "",
            "direction": "ingress",
            "from_port": -1,
            "id": "enpdjac4peroulo23t7j",
            "labels": null,
            "port": 80,
            "predefined_target": "",
            "protocol": "TCP",
            "security_group_binding": "enp9js9l6b0hs2825d3c",
            "security_group_id": "",
            "timeouts": null,
            "to_port": -1,
            "v4_cidr_blocks": [
              "0.0.0.0/0"
            ],
            "v6_cidr_blocks": null
          },
          "sensitive_attributes": [],
          "identity_schema_version": 0,
          "dependencies": [
            "yandex_vpc_network.main",
            "yandex_vpc_security_group.bastion",
            "yandex_vpc_security_group.web"
          ]
        }
      ]
    },
    {
      "mode": "managed",
      "type": "yandex_vpc_security_group_rule",
      "name": "web_https",
      "provider": "provider[\"registry.terraform.io/yandex-cloud/yandex\"]",
      "instances": [
        {
          "schema_version": 0,
          "attributes": {
            "description": "",
            "direction": "ingress",
            "from_port": -1,
            "id": "enpmsudogk9hptirg6in",
            "labels": null,
            "port": 443,
            "predefined_target": "",
            "protocol": "TCP",
            "security_group_binding": "enp9js9l6b0hs2825d3c",
            "security_group_id": "",
            "timeouts": null,
            "to_port": -1,
            "v4_cidr_blocks": [
              "0.0.0.0/0"
            ],
            "v6_cidr_blocks": null
          },
          "sensitive_attributes": [],
          "identity_schema_version": 0,
          "dependencies": [
            "yandex_vpc_network.main",
            "yandex_vpc_security_group.bastion",
            "yandex_vpc_security_group.web"
          ]
        }
      ]
    },
    {
      "mode": "managed",
      "type": "yandex_vpc_security_group_rule",
      "name": "web_ssh_from_internal",
      "provider": "provider[\"registry.terraform.io/yandex-cloud/yandex\"]",
      "instances": [
        {
          "schema_version": 0,
          "attributes": {
            "description": "",
            "direction": "ingress",
            "from_port": -1,
            "id": "enpo36rpm5dijrlket0k",
            "labels": null,
            "port": 22,
            "predefined_target": "",
            "protocol": "TCP",
            "security_group_binding": "enp9js9l6b0hs2825d3c",
            "security_group_id": "",
            "timeouts": null,
            "to_port": -1,
            "v4_cidr_blocks": [
              "10.0.0.0/8",
              "192.168.0.0/16",
              "172.16.0.0/12"
            ],
            "v6_cidr_blocks": null
          },
          "sensitive_attributes": [],
          "identity_schema_version": 0,
          "dependencies": [
            "yandex_vpc_network.main",
            "yandex_vpc_security_group.bastion",
            "yandex_vpc_security_group.web"
          ]
        }
      ]
    },
    {
      "mode": "managed",
      "type": "yandex_vpc_subnet",
      "name": "ru-central1-a",
      "provider": "provider[\"registry.terraform.io/yandex-cloud/yandex\"]",
      "instances": [
        {
          "schema_version": 0,
          "attributes": {
            "created_at": "2026-07-29T16:56:23Z",
            "description": "",
            "dhcp_options": [],
            "folder_id": "b1g12jnkavef24dh5fcn",
            "id": "e9bdtacbjnn0lgabp1d2",
            "labels": {},
            "name": "subnet-ru-central1-a",
            "network_id": "enp9edoc9mc8imkm5o95",
            "route_table_id": "enpk47oi7ihdh1sqgeeo",
            "timeouts": null,
            "v4_cidr_blocks": [
              "10.0.0.0/24"
            ],
            "v6_cidr_blocks": [],
            "zone": "ru-central1-a"
          },
          "sensitive_attributes": [],
          "identity_schema_version": 0,
          "private": "eyJlMmJmYjczMC1lY2FhLTExZTYtOGY4OC0zNDM2M2JjN2M0YzAiOnsiY3JlYXRlIjoxODAwMDAwMDAwMDAsImRlbGV0ZSI6MTgwMDAwMDAwMDAwLCJ1cGRhdGUiOjE4MDAwMDAwMDAwMH19",
          "dependencies": [
            "yandex_vpc_gateway.nat_gateway",
            "yandex_vpc_network.main",
            "yandex_vpc_route_table.private_route_table"
          ]
        }
      ]
    },
    {
      "mode": "managed",
      "type": "yandex_vpc_subnet",
      "name": "ru-central1-b",
      "provider": "provider[\"registry.terraform.io/yandex-cloud/yandex\"]",
      "instances": [
        {
          "schema_version": 0,
          "attributes": {
            "created_at": "2026-07-29T16:56:21Z",
            "description": "",
            "dhcp_options": [],
            "folder_id": "b1g12jnkavef24dh5fcn",
            "id": "e2la9jk9qd2esnaib9ic",
            "labels": {},
            "name": "subnet-ru-central1-b",
            "network_id": "enp9edoc9mc8imkm5o95",
            "route_table_id": "enpk47oi7ihdh1sqgeeo",
            "timeouts": null,
            "v4_cidr_blocks": [
              "10.0.1.0/24"
            ],
            "v6_cidr_blocks": [],
            "zone": "ru-central1-b"
          },
          "sensitive_attributes": [],
          "identity_schema_version": 0,
          "private": "eyJlMmJmYjczMC1lY2FhLTExZTYtOGY4OC0zNDM2M2JjN2M0YzAiOnsiY3JlYXRlIjoxODAwMDAwMDAwMDAsImRlbGV0ZSI6MTgwMDAwMDAwMDAwLCJ1cGRhdGUiOjE4MDAwMDAwMDAwMH19",
          "dependencies": [
            "yandex_vpc_gateway.nat_gateway",
            "yandex_vpc_network.main",
            "yandex_vpc_route_table.private_route_table"
          ]
        }
      ]
    }
  ],
  "check_results": null
}
